// !$*UTF8*$!
{
	archiveVersion = 1;
	classes = {
	};
	objectVersion = 60;
	objects = {

/* Begin PBXBuildFile section */
		8AD9C2332B88888D00809C73 /* StepFormView in Frameworks */ = {isa = PBXBuildFile; productRef = 8AD9C2322B88888D00809C73 /* StepFormView */; };
		C7772BED2AB60E2800CCD937 /* CollapsedView.swift in Sources */ = {isa = PBXBuildFile; fileRef = C7772BEC2AB60E2800CCD937 /* CollapsedView.swift */; };
		C7772BF02AB6333300CCD937 /* CustomColor.swift in Sources */ = {isa = PBXBuildFile; fileRef = C7772BEF2AB6333300CCD937 /* CustomColor.swift */; };
		C7772BF22AB6398100CCD937 /* TitleValueLabelView.swift in Sources */ = {isa = PBXBuildFile; fileRef = C7772BF12AB6398100CCD937 /* TitleValueLabelView.swift */; };
		C7772BF42AB639AF00CCD937 /* EMICollapsedView.swift in Sources */ = {isa = PBXBuildFile; fileRef = C7772BF32AB639AF00CCD937 /* EMICollapsedView.swift */; };
		C7772BF72AB63A5800CCD937 /* BankAccountExpandedView.swift in Sources */ = {isa = PBXBuildFile; fileRef = C7772BF62AB63A5800CCD937 /* BankAccountExpandedView.swift */; };
		C7772BF92AB63A8300CCD937 /* EMIExpandedView.swift in Sources */ = {isa = PBXBuildFile; fileRef = C7772BF82AB63A8300CCD937 /* EMIExpandedView.swift */; };
		C7772BFB2AB63A9500CCD937 /* CreditAmountExpandedView.swift in Sources */ = {isa = PBXBuildFile; fileRef = C7772BFA2AB63A9500CCD937 /* CreditAmountExpandedView.swift */; };
		C7772BFE2AB63C4F00CCD937 /* NSAttributedString+Extension.swift in Sources */ = {isa = PBXBuildFile; fileRef = C7772BFD2AB63C4F00CCD937 /* NSAttributedString+Extension.swift */; };
		C7DCA8862A9F6B7400E4B9F8 /* AppDelegate.swift in Sources */ = {isa = PBXBuildFile; fileRef = C7DCA8852A9F6B7400E4B9F8 /* AppDelegate.swift */; };
		C7DCA8882A9F6B7400E4B9F8 /* SceneDelegate.swift in Sources */ = {isa = PBXBuildFile; fileRef = C7DCA8872A9F6B7400E4B9F8 /* SceneDelegate.swift */; };
		C7DCA88A2A9F6B7400E4B9F8 /* ViewController.swift in Sources */ = {isa = PBXBuildFile; fileRef = C7DCA8892A9F6B7400E4B9F8 /* ViewController.swift */; };
		C7DCA88D2A9F6B7400E4B9F8 /* Main.storyboard in Resources */ = {isa = PBXBuildFile; fileRef = C7DCA88B2A9F6B7400E4B9F8 /* Main.storyboard */; };
		C7DCA88F2A9F6B7600E4B9F8 /* Assets.xcassets in Resources */ = {isa = PBXBuildFile; fileRef = C7DCA88E2A9F6B7600E4B9F8 /* Assets.xcassets */; };
		C7DCA8922A9F6B7600E4B9F8 /* LaunchScreen.storyboard in Resources */ = {isa = PBXBuildFile; fileRef = C7DCA8902A9F6B7600E4B9F8 /* LaunchScreen.storyboard */; };
/* End PBXBuildFile section */

/* Begin PBXFileReference section */
		C7772BEC2AB60E2800CCD937 /* CollapsedView.swift */ = {isa = PBXFileReference; lastKnownFileType = sourcecode.swift; path = CollapsedView.swift; sourceTree = "<group>"; };
		C7772BEF2AB6333300CCD937 /* CustomColor.swift */ = {isa = PBXFileReference; lastKnownFileType = sourcecode.swift; path = CustomColor.swift; sourceTree = "<group>"; };
		C7772BF12AB6398100CCD937 /* TitleValueLabelView.swift */ = {isa = PBXFileReference; lastKnownFileType = sourcecode.swift; path = TitleValueLabelView.swift; sourceTree = "<group>"; };
		C7772BF32AB639AF00CCD937 /* EMICollapsedView.swift */ = {isa = PBXFileReference; lastKnownFileType = sourcecode.swift; path = EMICollapsedView.swift; sourceTree = "<group>"; };
		C7772BF62AB63A5800CCD937 /* BankAccountExpandedView.swift */ = {isa = PBXFileReference; lastKnownFileType = sourcecode.swift; path = BankAccountExpandedView.swift; sourceTree = "<group>"; };
		C7772BF82AB63A8300CCD937 /* EMIExpandedView.swift */ = {isa = PBXFileReference; lastKnownFileType = sourcecode.swift; path = EMIExpandedView.swift; sourceTree = "<group>"; };
		C7772BFA2AB63A9500CCD937 /* CreditAmountExpandedView.swift */ = {isa = PBXFileReference; lastKnownFileType = sourcecode.swift; path = CreditAmountExpandedView.swift; sourceTree = "<group>"; };
		C7772BFD2AB63C4F00CCD937 /* NSAttributedString+Extension.swift */ = {isa = PBXFileReference; lastKnownFileType = sourcecode.swift; path = "NSAttributedString+Extension.swift"; sourceTree = "<group>"; };
		C7DCA8822A9F6B7400E4B9F8 /* CRED.app */ = {isa = PBXFileReference; explicitFileType = wrapper.application; includeInIndex = 0; path = CRED.app; sourceTree = BUILT_PRODUCTS_DIR; };
		C7DCA8852A9F6B7400E4B9F8 /* AppDelegate.swift */ = {isa = PBXFileReference; lastKnownFileType = sourcecode.swift; path = AppDelegate.swift; sourceTree = "<group>"; };
		C7DCA8872A9F6B7400E4B9F8 /* SceneDelegate.swift */ = {isa = PBXFileReference; lastKnownFileType = sourcecode.swift; path = SceneDelegate.swift; sourceTree = "<group>"; };
		C7DCA8892A9F6B7400E4B9F8 /* ViewController.swift */ = {isa = PBXFileReference; lastKnownFileType = sourcecode.swift; path = ViewController.swift; sourceTree = "<group>"; };
		C7DCA88C2A9F6B7400E4B9F8 /* Base */ = {isa = PBXFileReference; lastKnownFileType = file.storyboard; name = Base; path = Base.lproj/Main.storyboard; sourceTree = "<group>"; };
		C7DCA88E2A9F6B7600E4B9F8 /* Assets.xcassets */ = {isa = PBXFileReference; lastKnownFileType = folder.assetcatalog; path = Assets.xcassets; sourceTree = "<group>"; };
		C7DCA8912A9F6B7600E4B9F8 /* Base */ = {isa = PBXFileReference; lastKnownFileType = file.storyboard; name = Base; path = Base.lproj/LaunchScreen.storyboard; sourceTree = "<group>"; };
		C7DCA8932A9F6B7600E4B9F8 /* Info.plist */ = {isa = PBXFileReference; lastKnownFileType = text.plist.xml; path = Info.plist; sourceTree = "<group>"; };
/* End PBXFileReference section */

/* Begin PBXFrameworksBuildPhase section */
		C7DCA87F2A9F6B7400E4B9F8 /* Frameworks */ = {
			isa = PBXFrameworksBuildPhase;
			buildActionMask = 2147483647;
			files = (
				8AD9C2332B88888D00809C73 /* StepFormView in Frameworks */,
			);
			runOnlyForDeploymentPostprocessing = 0;
		};
/* End PBXFrameworksBuildPhase section */

/* Begin PBXGroup section */
		C7772BEE2AB6187500CCD937 /* CollapsedView */ = {
			isa = PBXGroup;
			children = (
				C7772BEC2AB60E2800CCD937 /* CollapsedView.swift */,
				C7772BF12AB6398100CCD937 /* TitleValueLabelView.swift */,
				C7772BF32AB639AF00CCD937 /* EMICollapsedView.swift */,
			);
			path = CollapsedView;
			sourceTree = "<group>";
		};
		C7772BF52AB63A4900CCD937 /* ExpandedView */ = {
			isa = PBXGroup;
			children = (
				C7772BF62AB63A5800CCD937 /* BankAccountExpandedView.swift */,
				C7772BF82AB63A8300CCD937 /* EMIExpandedView.swift */,
				C7772BFA2AB63A9500CCD937 /* CreditAmountExpandedView.swift */,
			);
			path = ExpandedView;
			sourceTree = "<group>";
		};
		C7772BFC2AB63AB000CCD937 /* Color */ = {
			isa = PBXGroup;
			children = (
				C7772BEF2AB6333300CCD937 /* CustomColor.swift */,
			);
			path = Color;
			sourceTree = "<group>";
		};
		C7DCA8792A9F6B7400E4B9F8 = {
			isa = PBXGroup;
			children = (
				C7DCA8842A9F6B7400E4B9F8 /* Hello */,
				C7DCA8832A9F6B7400E4B9F8 /* Products */,
			);
			sourceTree = "<group>";
		};
		C7DCA8832A9F6B7400E4B9F8 /* Products */ = {
			isa = PBXGroup;
			children = (
				C7DCA8822A9F6B7400E4B9F8 /* CRED.app */,
			);
			name = Products;
			sourceTree = "<group>";
		};
		C7DCA8842A9F6B7400E4B9F8 /* Hello */ = {
			isa = PBXGroup;
			children = (
				C7772BFC2AB63AB000CCD937 /* Color */,
				C7772BF52AB63A4900CCD937 /* ExpandedView */,
				C7772BEE2AB6187500CCD937 /* CollapsedView */,
				C7DCA8852A9F6B7400E4B9F8 /* AppDelegate.swift */,
				C7DCA8872A9F6B7400E4B9F8 /* SceneDelegate.swift */,
				C7DCA8892A9F6B7400E4B9F8 /* ViewController.swift */,
				C7DCA88B2A9F6B7400E4B9F8 /* Main.storyboard */,
				C7DCA88E2A9F6B7600E4B9F8 /* Assets.xcassets */,
				C7DCA8902A9F6B7600E4B9F8 /* LaunchScreen.storyboard */,
				C7DCA8932A9F6B7600E4B9F8 /* Info.plist */,
				C7772BFD2AB63C4F00CCD937 /* NSAttributedString+Extension.swift */,
			);
			path = Hello;
			sourceTree = "<group>";
		};
/* End PBXGroup section */

/* Begin PBXNativeTarget section */
		C7DCA8812A9F6B7400E4B9F8 /* CRED */ = {
			isa = PBXNativeTarget;
			buildConfigurationList = C7DCA8962A9F6B7600E4B9F8 /* Build configuration list for PBXNativeTarget "CRED" */;
			buildPhases = (
				C7DCA87E2A9F6B7400E4B9F8 /* Sources */,
				C7DCA87F2A9F6B7400E4B9F8 /* Frameworks */,
				C7DCA8802A9F6B7400E4B9F8 /* Resources */,
			);
			buildRules = (
			);
			dependencies = (
			);
			name = CRED;
			packageProductDependencies = (
				8AD9C2322B88888D00809C73 /* StepFormView */,
			);
			productName = Hello;
			productReference = C7DCA8822A9F6B7400E4B9F8 /* CRED.app */;
			productType = "com.apple.product-type.application";
		};
/* End PBXNativeTarget section */

/* Begin PBXProject section */
		C7DCA87A2A9F6B7400E4B9F8 /* Project object */ = {
			isa = PBXProject;
			attributes = {
				BuildIndependentTargetsInParallel = 1;
				LastSwiftUpdateCheck = 1420;
				LastUpgradeCheck = 1420;
				TargetAttributes = {
					C7DCA8812A9F6B7400E4B9F8 = {
						CreatedOnToolsVersion = 14.2;
					};
				};
			};
			buildConfigurationList = C7DCA87D2A9F6B7400E4B9F8 /* Build configuration list for PBXProject "CRED" */;
			compatibilityVersion = "Xcode 14.0";
			developmentRegion = en;
			hasScannedForEncodings = 0;
			knownRegions = (
				en,
				Base,
			);
			mainGroup = C7DCA8792A9F6B7400E4B9F8;
			packageReferences = (
				8AD9C2312B88888D00809C73 /* XCLocalSwiftPackageReference "../../StepFormView" */,
			);
			productRefGroup = C7DCA8832A9F6B7400E4B9F8 /* Products */;
			projectDirPath = "";
			projectRoot = "";
			targets = (
				C7DCA8812A9F6B7400E4B9F8 /* CRED */,
			);
		};
/* End PBXProject section */

/* Begin PBXResourcesBuildPhase section */
		C7DCA8802A9F6B7400E4B9F8 /* Resources */ = {
			isa = PBXResourcesBuildPhase;
			buildActionMask = 2147483647;
			files = (
				C7DCA8922A9F6B7600E4B9F8 /* LaunchScreen.storyboard in Resources */,
				C7DCA88F2A9F6B7600E4B9F8 /* Assets.xcassets in Resources */,
				C7DCA88D2A9F6B7400E4B9F8 /* Main.storyboard in Resources */,
			);
			runOnlyForDeploymentPostprocessing = 0;
		};
/* End PBXResourcesBuildPhase section */

/* Begin PBXSourcesBuildPhase section */
		C7DCA87E2A9F6B7400E4B9F8 /* Sources */ = {
			isa = PBXSourcesBuildPhase;
			buildActionMask = 2147483647;
			files = (
				C7772BF72AB63A5800CCD937 /* BankAccountExpandedView.swift in Sources */,
				C7772BF92AB63A8300CCD937 /* EMIExpandedView.swift in Sources */,
				C7DCA88A2A9F6B7400E4B9F8 /* ViewController.swift in Sources */,
				C7772BF22AB6398100CCD937 /* TitleValueLabelView.swift in Sources */,
				C7772BF02AB6333300CCD937 /* CustomColor.swift in Sources */,
				C7DCA8862A9F6B7400E4B9F8 /* AppDelegate.swift in Sources */,
				C7772BFB2AB63A9500CCD937 /* CreditAmountExpandedView.swift in Sources */,
				C7772BED2AB60E2800CCD937 /* CollapsedView.swift in Sources */,
				C7772BFE2AB63C4F00CCD937 /* NSAttributedString+Extension.swift in Sources */,
				C7772BF42AB639AF00CCD937 /* EMICollapsedView.swift in Sources */,
				C7DCA8882A9F6B7400E4B9F8 /* SceneDelegate.swift in Sources */,
			);
			runOnlyForDeploymentPostprocessing = 0;
		};
/* End PBXSourcesBuildPhase section */

/* Begin PBXVariantGroup section */
		C7DCA88B2A9F6B7400E4B9F8 /* Main.storyboard */ = {
			isa = PBXVariantGroup;
			children = (
				C7DCA88C2A9F6B7400E4B9F8 /* Base */,
			);
			name = Main.storyboard;
			sourceTree = "<group>";
		};
		C7DCA8902A9F6B7600E4B9F8 /* LaunchScreen.storyboard */ = {
			isa = PBXVariantGroup;
			children = (
				C7DCA8912A9F6B7600E4B9F8 /* Base */,
			);
			name = LaunchScreen.storyboard;
			sourceTree = "<group>";
		};
/* End PBXVariantGroup section */

/* Begin XCBuildConfiguration section */
		C7DCA8942A9F6B7600E4B9F8 /* Debug */ = {
			isa = XCBuildConfiguration;
			buildSettings = {
				ALWAYS_SEARCH_USER_PATHS = NO;
				CLANG_ANALYZER_NONNULL = YES;
				CLANG_ANALYZER_NUMBER_OBJECT_CONVERSION = YES_AGGRESSIVE;
				CLANG_CXX_LANGUAGE_STANDARD = "gnu++20";
				CLANG_ENABLE_MODULES = YES;
				CLANG_ENABLE_OBJC_ARC = YES;
				CLANG_ENABLE_OBJC_WEAK = YES;
				CLANG_WARN_BLOCK_CAPTURE_AUTORELEASING = YES;
				CLANG_WARN_BOOL_CONVERSION = YES;
				CLANG_WARN_COMMA = YES;
				CLANG_WARN_CONSTANT_CONVERSION = YES;
				CLANG_WARN_DEPRECATED_OBJC_IMPLEMENTATIONS = YES;
				CLANG_WARN_DIRECT_OBJC_ISA_USAGE = YES_ERROR;
				CLANG_WARN_DOCUMENTATION_COMMENTS = YES;
				CLANG_WARN_EMPTY_BODY = YES;
				CLANG_WARN_ENUM_CONVERSION = YES;
				CLANG_WARN_INFINITE_RECURSION = YES;
				CLANG_WARN_INT_CONVERSION = YES;
				CLANG_WARN_NON_LITERAL_NULL_CONVERSION = YES;
				CLANG_WARN_OBJC_IMPLICIT_RETAIN_SELF = YES;
				CLANG_WARN_OBJC_LITERAL_CONVERSION = YES;
				CLANG_WARN_OBJC_ROOT_CLASS = YES_ERROR;
				CLANG_WARN_QUOTED_INCLUDE_IN_FRAMEWORK_HEADER = YES;
				CLANG_WARN_RANGE_LOOP_ANALYSIS = YES;
				CLANG_WARN_STRICT_PROTOTYPES = YES;
				CLANG_WARN_SUSPICIOUS_MOVE = YES;
				CLANG_WARN_UNGUARDED_AVAILABILITY = YES_AGGRESSIVE;
				CLANG_WARN_UNREACHABLE_CODE = YES;
				CLANG_WARN__DUPLICATE_METHOD_MATCH = YES;
				COPY_PHASE_STRIP = NO;
				DEBUG_INFORMATION_FORMAT = dwarf;
				ENABLE_STRICT_OBJC_MSGSEND = YES;
				ENABLE_TESTABILITY = YES;
				GCC_C_LANGUAGE_STANDARD = gnu11;
				GCC_DYNAMIC_NO_PIC = NO;
				GCC_NO_COMMON_BLOCKS = YES;
				GCC_OPTIMIZATION_LEVEL = 0;
				GCC_PREPROCESSOR_DEFINITIONS = (
					"DEBUG=1",
					"$(inherited)",
				);
				GCC_WARN_64_TO_32_BIT_CONVERSION = YES;
				GCC_WARN_ABOUT_RETURN_TYPE = YES_ERROR;
				GCC_WARN_UNDECLARED_SELECTOR = YES;
				GCC_WARN_UNINITIALIZED_AUTOS = YES_AGGRESSIVE;
				GCC_WARN_UNUSED_FUNCTION = YES;
				GCC_WARN_UNUSED_VARIABLE = YES;
				IPHONEOS_DEPLOYMENT_TARGET = 16.2;
				MTL_ENABLE_DEBUG_INFO = INCLUDE_SOURCE;
				MTL_FAST_MATH = YES;
				ONLY_ACTIVE_ARCH = YES;
				SDKROOT = iphoneos;
				SWIFT_ACTIVE_COMPILATION_CONDITIONS = DEBUG;
				SWIFT_OPTIMIZATION_LEVEL = "-Onone";
			};
			name = Debug;
		};
		C7DCA8952A9F6B7600E4B9F8 /* Release */ = {
			isa = XCBuildConfiguration;
			buildSettings = {
				ALWAYS_SEARCH_USER_PATHS = NO;
				CLANG_ANALYZER_NONNULL = YES;
				CLANG_ANALYZER_NUMBER_OBJECT_CONVERSION = YES_AGGRESSIVE;
				CLANG_CXX_LANGUAGE_STANDARD = "gnu++20";
				CLANG_ENABLE_MODULES = YES;
				CLANG_ENABLE_OBJC_ARC = YES;
				CLANG_ENABLE_OBJC_WEAK = YES;
				CLANG_WARN_BLOCK_CAPTURE_AUTORELEASING = YES;
				CLANG_WARN_BOOL_CONVERSION = YES;
				CLANG_WARN_COMMA = YES;
				CLANG_WARN_CONSTANT_CONVERSION = YES;
				CLANG_WARN_DEPRECATED_OBJC_IMPLEMENTATIONS = YES;
				CLANG_WARN_DIRECT_OBJC_ISA_USAGE = YES_ERROR;
				CLANG_WARN_DOCUMENTATION_COMMENTS = YES;
				CLANG_WARN_EMPTY_BODY = YES;
				CLANG_WARN_ENUM_CONVERSION = YES;
				CLANG_WARN_INFINITE_RECURSION = YES;
				CLANG_WARN_INT_CONVERSION = YES;
				CLANG_WARN_NON_LITERAL_NULL_CONVERSION = YES;
				CLANG_WARN_OBJC_IMPLICIT_RETAIN_SELF = YES;
				CLANG_WARN_OBJC_LITERAL_CONVERSION = YES;
				CLANG_WARN_OBJC_ROOT_CLASS = YES_ERROR;
				CLANG_WARN_QUOTED_INCLUDE_IN_FRAMEWORK_HEADER = YES;
				CLANG_WARN_RANGE_LOOP_ANALYSIS = YES;
				CLANG_WARN_STRICT_PROTOTYPES = YES;
				CLANG_WARN_SUSPICIOUS_MOVE = YES;
				CLANG_WARN_UNGUARDED_AVAILABILITY = YES_AGGRESSIVE;
				CLANG_WARN_UNREACHABLE_CODE = YES;
				CLANG_WARN__DUPLICATE_METHOD_MATCH = YES;
				COPY_PHASE_STRIP = NO;
				DEBUG_INFORMATION_FORMAT = "dwarf-with-dsym";
				ENABLE_NS_ASSERTIONS = NO;
				ENABLE_STRICT_OBJC_MSGSEND = YES;
				GCC_C_LANGUAGE_STANDARD = gnu11;
				GCC_NO_COMMON_BLOCKS = YES;
				GCC_WARN_64_TO_32_BIT_CONVERSION = YES;
				GCC_WARN_ABOUT_RETURN_TYPE = YES_ERROR;
				GCC_WARN_UNDECLARED_SELECTOR = YES;
				GCC_WARN_UNINITIALIZED_AUTOS = YES_AGGRESSIVE;
				GCC_WARN_UNUSED_FUNCTION = YES;
				GCC_WARN_UNUSED_VARIABLE = YES;
				IPHONEOS_DEPLOYMENT_TARGET = 16.2;
				MTL_ENABLE_DEBUG_INFO = NO;
				MTL_FAST_MATH = YES;
				SDKROOT = iphoneos;
				SWIFT_COMPILATION_MODE = wholemodule;
				SWIFT_OPTIMIZATION_LEVEL = "-O";
				VALIDATE_PRODUCT = YES;
			};
			name = Release;
		};
		C7DCA8972A9F6B7600E4B9F8 /* Debug */ = {
			isa = XCBuildConfiguration;
			buildSettings = {
				ASSETCATALOG_COMPILER_APPICON_NAME = AppIcon;
				ASSETCATALOG_COMPILER_GLOBAL_ACCENT_COLOR_NAME = AccentColor;
				CODE_SIGN_STYLE = Automatic;
				CURRENT_PROJECT_VERSION = 1;
				GENERATE_INFOPLIST_FILE = YES;
				INFOPLIST_FILE = Hello/Info.plist;
				INFOPLIST_KEY_UIApplicationSupportsIndirectInputEvents = YES;
				INFOPLIST_KEY_UILaunchStoryboardName = LaunchScreen;
				INFOPLIST_KEY_UIMainStoryboardFile = Main;
				INFOPLIST_KEY_UISupportedInterfaceOrientations_iPad = "UIInterfaceOrientationPortrait UIInterfaceOrientationPortraitUpsideDown UIInterfaceOrientationLandscapeLeft UIInterfaceOrientationLandscapeRight";
				INFOPLIST_KEY_UISupportedInterfaceOrientations_iPhone = "UIInterfaceOrientationPortrait UIInterfaceOrientationLandscapeLeft UIInterfaceOrientationLandscapeRight";
				LD_RUNPATH_SEARCH_PATHS = (
					"$(inherited)",
					"@executable_path/Frameworks",
				);
				MARKETING_VERSION = 1.0;
				PRODUCT_BUNDLE_IDENTIFIER = Hello.Hello;
				PRODUCT_NAME = "$(TARGET_NAME)";
				SWIFT_EMIT_LOC_STRINGS = YES;
				SWIFT_VERSION = 5.0;
				TARGETED_DEVICE_FAMILY = "1,2";
			};
			name = Debug;
		};
		C7DCA8982A9F6B7600E4B9F8 /* Release */ = {
			isa = XCBuildConfiguration;
			buildSettings = {
				ASSETCATALOG_COMPILER_APPICON_NAME = AppIcon;
				ASSETCATALOG_COMPILER_GLOBAL_ACCENT_COLOR_NAME = AccentColor;
				CODE_SIGN_STYLE = Automatic;
				CURRENT_PROJECT_VERSION = 1;
				GENERATE_INFOPLIST_FILE = YES;
				INFOPLIST_FILE = Hello/Info.plist;
				INFOPLIST_KEY_UIApplicationSupportsIndirectInputEvents = YES;
				INFOPLIST_KEY_UILaunchStoryboardName = LaunchScreen;
				INFOPLIST_KEY_UIMainStoryboardFile = Main;
				INFOPLIST_KEY_UISupportedInterfaceOrientations_iPad = "UIInterfaceOrientationPortrait UIInterfaceOrientationPortraitUpsideDown UIInterfaceOrientationLandscapeLeft UIInterfaceOrientationLandscapeRight";
				INFOPLIST_KEY_UISupportedInterfaceOrientations_iPhone = "UIInterfaceOrientationPortrait UIInterfaceOrientationLandscapeLeft UIInterfaceOrientationLandscapeRight";
				LD_RUNPATH_SEARCH_PATHS = (
					"$(inherited)",
					"@executable_path/Frameworks",
				);
				MARKETING_VERSION = 1.0;
				PRODUCT_BUNDLE_IDENTIFIER = Hello.Hello;
				PRODUCT_NAME = "$(TARGET_NAME)";
				SWIFT_EMIT_LOC_STRINGS = YES;
				SWIFT_VERSION = 5.0;
				TARGETED_DEVICE_FAMILY = "1,2";
			};
			name = Release;
		};
/* End XCBuildConfiguration section */

/* Begin XCConfigurationList section */
		C7DCA87D2A9F6B7400E4B9F8 /* Build configuration list for PBXProject "CRED" */ = {
			isa = XCConfigurationList;
			buildConfigurations = (
				C7DCA8942A9F6B7600E4B9F8 /* Debug */,
				C7DCA8952A9F6B7600E4B9F8 /* Release */,
			);
			defaultConfigurationIsVisible = 0;
			defaultConfigurationName = Release;
		};
		C7DCA8962A9F6B7600E4B9F8 /* Build configuration list for PBXNativeTarget "CRED" */ = {
			isa = XCConfigurationList;
			buildConfigurations = (
				C7DCA8972A9F6B7600E4B9F8 /* Debug */,
				C7DCA8982A9F6B7600E4B9F8 /* Release */,
			);
			defaultConfigurationIsVisible = 0;
			defaultConfigurationName = Release;
		};
/* End XCConfigurationList section */

/* Begin XCLocalSwiftPackageReference section */
		8AD9C2312B88888D00809C73 /* XCLocalSwiftPackageReference "../../StepFormView" */ = {
			isa = XCLocalSwiftPackageReference;
			relativePath = ../../StepFormView;
		};
/* End XCLocalSwiftPackageReference section */

/* Begin XCSwiftPackageProductDependency section */
		8AD9C2322B88888D00809C73 /* StepFormView */ = {
			isa = XCSwiftPackageProductDependency;
			productName = StepFormView;
		};
/* End XCSwiftPackageProductDependency section */
	};
	rootObject = C7DCA87A2A9F6B7400E4B9F8 /* Project object */;
}
